
Microsoft Visual Studio Solution File, Format Version 12.00
# Visual Studio Version 16
VisualStudioVersion = 16.0.30503.244
MinimumVisualStudioVersion = 10.0.40219.1
Project("{FAE04EC0-301F-11D3-BF4B-00C04F79EFBC}") = "Labo2Minutes_UI", "Labo2Minutes_UI\Labo2Minutes_UI.csproj", "{95E17CB2-75BE-4A1D-AE23-9A5C20C71B14}"
EndProject
Project("{FAE04EC0-301F-11D3-BF4B-00C04F79EFBC}") = "Calculateur_Affaires", "Calculateur_Affaires\Calculateur_Affaires.csproj", "{3FDA7E4C-3429-4DFF-A072-D904BE0E6F89}"
EndProject
Global
	GlobalSection(SolutionConfigurationPlatforms) = preSolution
		Debug|Any CPU = Debug|Any CPU
		Release|Any CPU = Release|Any CPU
	EndGlobalSection
	GlobalSection(ProjectConfigurationPlatforms) = postSolution
		{95E17CB2-75BE-4A1D-AE23-9A5C20C71B14}.Debug|Any CPU.ActiveCfg = Debug|Any CPU
		{95E17CB2-75BE-4A1D-AE23-9A5C20C71B14}.Debug|Any CPU.Build.0 = Debug|Any CPU
		{95E17CB2-75BE-4A1D-AE23-9A5C20C71B14}.Release|Any CPU.ActiveCfg = Release|Any CPU
		{95E17CB2-75BE-4A1D-AE23-9A5C20C71B14}.Release|Any CPU.Build.0 = Release|Any CPU
		{3FDA7E4C-3429-4DFF-A072-D904BE0E6F89}.Debug|Any CPU.ActiveCfg = Debug|Any CPU
		{3FDA7E4C-3429-4DFF-A072-D904BE0E6F89}.Debug|Any CPU.Build.0 = Debug|Any CPU
		{3FDA7E4C-3429-4DFF-A072-D904BE0E6F89}.Release|Any CPU.ActiveCfg = Release|Any CPU
		{3FDA7E4C-3429-4DFF-A072-D904BE0E6F89}.Release|Any CPU.Build.0 = Release|Any CPU
	EndGlobalSection
	GlobalSection(SolutionProperties) = preSolution
		HideSolutionNode = FALSE
	EndGlobalSection
	GlobalSection(ExtensibilityGlobals) = postSolution
		SolutionGuid = {83EC5437-A04A-454D-806D-9F9440C83554}
	EndGlobalSection
EndGlobal
